
Microsoft Visual Studio Solution File, Format Version 12.00
# Visual Studio 15
VisualStudioVersion = 15.0.28010.2036
MinimumVisualStudioVersion = 10.0.40219.1
Project("{FAE04EC0-301F-11D3-BF4B-00C04F79EFBC}") = "Sikidom", "ConsoleApp11\Sikidom.csproj", "{4A978CEB-242E-4FA6-AC7F-A31616362A3A}"
EndProject
Global
	GlobalSection(SolutionConfigurationPlatforms) = preSolution
		Debug|Any CPU = Debug|Any CPU
		Release|Any CPU = Release|Any CPU
	EndGlobalSection
	GlobalSection(ProjectConfigurationPlatforms) = postSolution
		{4A978CEB-242E-4FA6-AC7F-A31616362A3A}.Debug|Any CPU.ActiveCfg = Debug|Any CPU
		{4A978CEB-242E-4FA6-AC7F-A31616362A3A}.Debug|Any CPU.Build.0 = Debug|Any CPU
		{4A978CEB-242E-4FA6-AC7F-A31616362A3A}.Release|Any CPU.ActiveCfg = Release|Any CPU
		{4A978CEB-242E-4FA6-AC7F-A31616362A3A}.Release|Any CPU.Build.0 = Release|Any CPU
	EndGlobalSection
	GlobalSection(SolutionProperties) = preSolution
		HideSolutionNode = FALSE
	EndGlobalSection
	GlobalSection(ExtensibilityGlobals) = postSolution
		SolutionGuid = {0CC7BC1A-309A-4DAB-B9ED-196B5D502863}
	EndGlobalSection
EndGlobal
